
Microsoft Visual Studio Solution File, Format Version 12.00
# Visual Studio Version 16
VisualStudioVersion = 16.0.30225.117
MinimumVisualStudioVersion = 10.0.40219.1
Project("{FAE04EC0-301F-11D3-BF4B-00C04F79EFBC}") = "AccrualWorld", "AccrualWorld\AccrualWorld.csproj", "{2ED2B542-929C-4FB7-A2CE-A3B4AD9C97E3}"
EndProject
Global
	GlobalSection(SolutionConfigurationPlatforms) = preSolution
		Debug|Any CPU = Debug|Any CPU
		Release|Any CPU = Release|Any CPU
	EndGlobalSection
	GlobalSection(ProjectConfigurationPlatforms) = postSolution
		{2ED2B542-929C-4FB7-A2CE-A3B4AD9C97E3}.Debug|Any CPU.ActiveCfg = Debug|Any CPU
		{2ED2B542-929C-4FB7-A2CE-A3B4AD9C97E3}.Debug|Any CPU.Build.0 = Debug|Any CPU
		{2ED2B542-929C-4FB7-A2CE-A3B4AD9C97E3}.Release|Any CPU.ActiveCfg = Release|Any CPU
		{2ED2B542-929C-4FB7-A2CE-A3B4AD9C97E3}.Release|Any CPU.Build.0 = Release|Any CPU
	EndGlobalSection
	GlobalSection(SolutionProperties) = preSolution
		HideSolutionNode = FALSE
	EndGlobalSection
	GlobalSection(ExtensibilityGlobals) = postSolution
		SolutionGuid = {4A2D83BC-4122-4A85-A4B2-F2213A43BF67}
	EndGlobalSection
EndGlobal
